
Microsoft Visual Studio Solution File, Format Version 12.00
# Visual Studio Version 16
VisualStudioVersion = 25.0.1704.0
MinimumVisualStudioVersion = 10.0.40219.1
Project("{FAE04EC0-301F-11D3-BF4B-00C04F79EFBC}") = "cs101", "cs101\cs101.csproj", "{87F62E4F-6272-4A00-B6B3-0497D9D24418}"
EndProject
Global
	GlobalSection(SolutionConfigurationPlatforms) = preSolution
		Debug|Any CPU = Debug|Any CPU
		Release|Any CPU = Release|Any CPU
	EndGlobalSection
	GlobalSection(ProjectConfigurationPlatforms) = postSolution
		{87F62E4F-6272-4A00-B6B3-0497D9D24418}.Debug|Any CPU.ActiveCfg = Debug|Any CPU
		{87F62E4F-6272-4A00-B6B3-0497D9D24418}.Debug|Any CPU.Build.0 = Debug|Any CPU
		{87F62E4F-6272-4A00-B6B3-0497D9D24418}.Release|Any CPU.ActiveCfg = Release|Any CPU
		{87F62E4F-6272-4A00-B6B3-0497D9D24418}.Release|Any CPU.Build.0 = Release|Any CPU
	EndGlobalSection
	GlobalSection(SolutionProperties) = preSolution
		HideSolutionNode = FALSE
	EndGlobalSection
	GlobalSection(ExtensibilityGlobals) = postSolution
		SolutionGuid = {06D9A4FC-E941-467B-AC41-8B8D64F5BC91}
	EndGlobalSection
EndGlobal
